
Microsoft Visual Studio Solution File, Format Version 12.00
# Visual Studio Version 16
VisualStudioVersion = 16.0.29424.173
MinimumVisualStudioVersion = 10.0.40219.1
Project("{FAE04EC0-301F-11D3-BF4B-00C04F79EFBC}") = "App2.Android", "App2\App2.Android\App2.Android.csproj", "{77065D54-C2A8-45EC-BE4D-BAAE4C00500E}"
EndProject
Project("{FAE04EC0-301F-11D3-BF4B-00C04F79EFBC}") = "App2.iOS", "App2\App2.iOS\App2.iOS.csproj", "{CED9B738-91DD-4807-B551-EE4E2D2C0CFD}"
EndProject
Project("{FAE04EC0-301F-11D3-BF4B-00C04F79EFBC}") = "App2", "App2\App2\App2.csproj", "{07F8DA24-1F72-4FBF-AF34-A76CB0D27733}"
EndProject
Global
	GlobalSection(SolutionConfigurationPlatforms) = preSolution
		Debug|Any CPU = Debug|Any CPU
		Debug|iPhone = Debug|iPhone
		Debug|iPhoneSimulator = Debug|iPhoneSimulator
		Release|Any CPU = Release|Any CPU
		Release|iPhone = Release|iPhone
		Release|iPhoneSimulator = Release|iPhoneSimulator
	EndGlobalSection
	GlobalSection(ProjectConfigurationPlatforms) = postSolution
		{77065D54-C2A8-45EC-BE4D-BAAE4C00500E}.Debug|Any CPU.ActiveCfg = Debug|Any CPU
		{77065D54-C2A8-45EC-BE4D-BAAE4C00500E}.Debug|Any CPU.Build.0 = Debug|Any CPU
		{77065D54-C2A8-45EC-BE4D-BAAE4C00500E}.Debug|Any CPU.Deploy.0 = Debug|Any CPU
		{77065D54-C2A8-45EC-BE4D-BAAE4C00500E}.Debug|iPhone.ActiveCfg = Debug|Any CPU
		{77065D54-C2A8-45EC-BE4D-BAAE4C00500E}.Debug|iPhone.Build.0 = Debug|Any CPU
		{77065D54-C2A8-45EC-BE4D-BAAE4C00500E}.Debug|iPhone.Deploy.0 = Debug|Any CPU
		{77065D54-C2A8-45EC-BE4D-BAAE4C00500E}.Debug|iPhoneSimulator.ActiveCfg = Debug|Any CPU
		{77065D54-C2A8-45EC-BE4D-BAAE4C00500E}.Debug|iPhoneSimulator.Build.0 = Debug|Any CPU
		{77065D54-C2A8-45EC-BE4D-BAAE4C00500E}.Debug|iPhoneSimulator.Deploy.0 = Debug|Any CPU
		{77065D54-C2A8-45EC-BE4D-BAAE4C00500E}.Release|Any CPU.ActiveCfg = Release|Any CPU
		{77065D54-C2A8-45EC-BE4D-BAAE4C00500E}.Release|Any CPU.Build.0 = Release|Any CPU
		{77065D54-C2A8-45EC-BE4D-BAAE4C00500E}.Release|Any CPU.Deploy.0 = Release|Any CPU
		{77065D54-C2A8-45EC-BE4D-BAAE4C00500E}.Release|iPhone.ActiveCfg = Release|Any CPU
		{77065D54-C2A8-45EC-BE4D-BAAE4C00500E}.Release|iPhone.Build.0 = Release|Any CPU
		{77065D54-C2A8-45EC-BE4D-BAAE4C00500E}.Release|iPhone.Deploy.0 = Release|Any CPU
		{77065D54-C2A8-45EC-BE4D-BAAE4C00500E}.Release|iPhoneSimulator.ActiveCfg = Release|Any CPU
		{77065D54-C2A8-45EC-BE4D-BAAE4C00500E}.Release|iPhoneSimulator.Build.0 = Release|Any CPU
		{77065D54-C2A8-45EC-BE4D-BAAE4C00500E}.Release|iPhoneSimulator.Deploy.0 = Release|Any CPU
		{CED9B738-91DD-4807-B551-EE4E2D2C0CFD}.Debug|Any CPU.ActiveCfg = Debug|iPhoneSimulator
		{CED9B738-91DD-4807-B551-EE4E2D2C0CFD}.Debug|Any CPU.Build.0 = Debug|iPhoneSimulator
		{CED9B738-91DD-4807-B551-EE4E2D2C0CFD}.Debug|Any CPU.Deploy.0 = Debug|iPhoneSimulator
		{CED9B738-91DD-4807-B551-EE4E2D2C0CFD}.Debug|iPhone.ActiveCfg = Debug|iPhone
		{CED9B738-91DD-4807-B551-EE4E2D2C0CFD}.Debug|iPhone.Build.0 = Debug|iPhone
		{CED9B738-91DD-4807-B551-EE4E2D2C0CFD}.Debug|iPhone.Deploy.0 = Debug|iPhone
		{CED9B738-91DD-4807-B551-EE4E2D2C0CFD}.Debug|iPhoneSimulator.ActiveCfg = Debug|iPhoneSimulator
		{CED9B738-91DD-4807-B551-EE4E2D2C0CFD}.Debug|iPhoneSimulator.Build.0 = Debug|iPhoneSimulator
		{CED9B738-91DD-4807-B551-EE4E2D2C0CFD}.Debug|iPhoneSimulator.Deploy.0 = Debug|iPhoneSimulator
		{CED9B738-91DD-4807-B551-EE4E2D2C0CFD}.Release|Any CPU.ActiveCfg = Release|iPhone
		{CED9B738-91DD-4807-B551-EE4E2D2C0CFD}.Release|Any CPU.Build.0 = Release|iPhone
		{CED9B738-91DD-4807-B551-EE4E2D2C0CFD}.Release|Any CPU.Deploy.0 = Release|iPhone
		{CED9B738-91DD-4807-B551-EE4E2D2C0CFD}.Release|iPhone.ActiveCfg = Release|iPhone
		{CED9B738-91DD-4807-B551-EE4E2D2C0CFD}.Release|iPhone.Build.0 = Release|iPhone
		{CED9B738-91DD-4807-B551-EE4E2D2C0CFD}.Release|iPhone.Deploy.0 = Release|iPhone
		{CED9B738-91DD-4807-B551-EE4E2D2C0CFD}.Release|iPhoneSimulator.ActiveCfg = Release|iPhoneSimulator
		{CED9B738-91DD-4807-B551-EE4E2D2C0CFD}.Release|iPhoneSimulator.Build.0 = Release|iPhoneSimulator
		{CED9B738-91DD-4807-B551-EE4E2D2C0CFD}.Release|iPhoneSimulator.Deploy.0 = Release|iPhoneSimulator
		{07F8DA24-1F72-4FBF-AF34-A76CB0D27733}.Debug|Any CPU.ActiveCfg = Debug|Any CPU
		{07F8DA24-1F72-4FBF-AF34-A76CB0D27733}.Debug|Any CPU.Build.0 = Debug|Any CPU
		{07F8DA24-1F72-4FBF-AF34-A76CB0D27733}.Debug|Any CPU.Deploy.0 = Debug|Any CPU
		{07F8DA24-1F72-4FBF-AF34-A76CB0D27733}.Debug|iPhone.ActiveCfg = Debug|Any CPU
		{07F8DA24-1F72-4FBF-AF34-A76CB0D27733}.Debug|iPhone.Build.0 = Debug|Any CPU
		{07F8DA24-1F72-4FBF-AF34-A76CB0D27733}.Debug|iPhone.Deploy.0 = Debug|Any CPU
		{07F8DA24-1F72-4FBF-AF34-A76CB0D27733}.Debug|iPhoneSimulator.ActiveCfg = Debug|Any CPU
		{07F8DA24-1F72-4FBF-AF34-A76CB0D27733}.Debug|iPhoneSimulator.Build.0 = Debug|Any CPU
		{07F8DA24-1F72-4FBF-AF34-A76CB0D27733}.Debug|iPhoneSimulator.Deploy.0 = Debug|Any CPU
		{07F8DA24-1F72-4FBF-AF34-A76CB0D27733}.Release|Any CPU.ActiveCfg = Release|Any CPU
		{07F8DA24-1F72-4FBF-AF34-A76CB0D27733}.Release|Any CPU.Build.0 = Release|Any CPU
		{07F8DA24-1F72-4FBF-AF34-A76CB0D27733}.Release|Any CPU.Deploy.0 = Release|Any CPU
		{07F8DA24-1F72-4FBF-AF34-A76CB0D27733}.Release|iPhone.ActiveCfg = Release|Any CPU
		{07F8DA24-1F72-4FBF-AF34-A76CB0D27733}.Release|iPhone.Build.0 = Release|Any CPU
		{07F8DA24-1F72-4FBF-AF34-A76CB0D27733}.Release|iPhone.Deploy.0 = Release|Any CPU
		{07F8DA24-1F72-4FBF-AF34-A76CB0D27733}.Release|iPhoneSimulator.ActiveCfg = Release|Any CPU
		{07F8DA24-1F72-4FBF-AF34-A76CB0D27733}.Release|iPhoneSimulator.Build.0 = Release|Any CPU
		{07F8DA24-1F72-4FBF-AF34-A76CB0D27733}.Release|iPhoneSimulator.Deploy.0 = Release|Any CPU
	EndGlobalSection
	GlobalSection(SolutionProperties) = preSolution
		HideSolutionNode = FALSE
	EndGlobalSection
	GlobalSection(ExtensibilityGlobals) = postSolution
		SolutionGuid = {5091CABC-B034-4DB8-A368-4C799BDCFD04}
	EndGlobalSection
EndGlobal
